
Microsoft Visual Studio Solution File, Format Version 12.00
# Visual Studio 14
VisualStudioVersion = 14.0.24720.0
MinimumVisualStudioVersion = 10.0.40219.1
Project("{F184B08F-C81C-45F6-A57F-5ABD9991F28F}") = "Football2", "Football2.vbproj", "{53E12034-9659-47F5-9022-83FEF9EFBE48}"
	ProjectSection(ProjectDependencies) = postProject
		{DAEA933C-6441-46A4-9F89-B012BAE9A27A} = {DAEA933C-6441-46A4-9F89-B012BAE9A27A}
		{9FCEFA45-842D-4C59-A1FD-35FD5E1BC55F} = {9FCEFA45-842D-4C59-A1FD-35FD5E1BC55F}
		{3A3EBCAB-97D5-49D5-8592-E754B1379384} = {3A3EBCAB-97D5-49D5-8592-E754B1379384}
		{5A4A94C5-FC1D-4301-A83F-810D1961F4BA} = {5A4A94C5-FC1D-4301-A83F-810D1961F4BA}
		{F8F1EBD4-A579-4C44-9D3D-C50A968AB535} = {F8F1EBD4-A579-4C44-9D3D-C50A968AB535}
	EndProjectSection
EndProject
Project("{F184B08F-C81C-45F6-A57F-5ABD9991F28F}") = "Generation", "..\Generation\Generation\Generation.vbproj", "{DAEA933C-6441-46A4-9F89-B012BAE9A27A}"
EndProject
Project("{F184B08F-C81C-45F6-A57F-5ABD9991F28F}") = "NFLDraft", "..\NFLDraft\NFLDraft\NFLDraft.vbproj", "{F8F1EBD4-A579-4C44-9D3D-C50A968AB535}"
EndProject
Project("{F184B08F-C81C-45F6-A57F-5ABD9991F28F}") = "NFLScheduler", "..\NFLScheduler\NFLScheduler\NFLScheduler.vbproj", "{3A3EBCAB-97D5-49D5-8592-E754B1379384}"
EndProject
Project("{F184B08F-C81C-45F6-A57F-5ABD9991F28F}") = "Mersenne", "..\Random\Random\Mersenne.vbproj", "{9FCEFA45-842D-4C59-A1FD-35FD5E1BC55F}"
EndProject
Project("{F184B08F-C81C-45F6-A57F-5ABD9991F28F}") = "SQLFunctions", "..\SQLFunctions\SQLFunctions\SQLFunctions.vbproj", "{5A4A94C5-FC1D-4301-A83F-810D1961F4BA}"
EndProject
Global
	GlobalSection(SolutionConfigurationPlatforms) = preSolution
		Debug|Any CPU = Debug|Any CPU
		Release|Any CPU = Release|Any CPU
	EndGlobalSection
	GlobalSection(ProjectConfigurationPlatforms) = postSolution
		{53E12034-9659-47F5-9022-83FEF9EFBE48}.Debug|Any CPU.ActiveCfg = Debug|Any CPU
		{53E12034-9659-47F5-9022-83FEF9EFBE48}.Debug|Any CPU.Build.0 = Debug|Any CPU
		{53E12034-9659-47F5-9022-83FEF9EFBE48}.Release|Any CPU.ActiveCfg = Release|Any CPU
		{53E12034-9659-47F5-9022-83FEF9EFBE48}.Release|Any CPU.Build.0 = Release|Any CPU
		{DAEA933C-6441-46A4-9F89-B012BAE9A27A}.Debug|Any CPU.ActiveCfg = Debug|Any CPU
		{DAEA933C-6441-46A4-9F89-B012BAE9A27A}.Debug|Any CPU.Build.0 = Debug|Any CPU
		{DAEA933C-6441-46A4-9F89-B012BAE9A27A}.Release|Any CPU.ActiveCfg = Release|Any CPU
		{DAEA933C-6441-46A4-9F89-B012BAE9A27A}.Release|Any CPU.Build.0 = Release|Any CPU
		{F8F1EBD4-A579-4C44-9D3D-C50A968AB535}.Debug|Any CPU.ActiveCfg = Debug|Any CPU
		{F8F1EBD4-A579-4C44-9D3D-C50A968AB535}.Debug|Any CPU.Build.0 = Debug|Any CPU
		{F8F1EBD4-A579-4C44-9D3D-C50A968AB535}.Release|Any CPU.ActiveCfg = Release|Any CPU
		{F8F1EBD4-A579-4C44-9D3D-C50A968AB535}.Release|Any CPU.Build.0 = Release|Any CPU
		{3A3EBCAB-97D5-49D5-8592-E754B1379384}.Debug|Any CPU.ActiveCfg = Debug|Any CPU
		{3A3EBCAB-97D5-49D5-8592-E754B1379384}.Debug|Any CPU.Build.0 = Debug|Any CPU
		{3A3EBCAB-97D5-49D5-8592-E754B1379384}.Release|Any CPU.ActiveCfg = Release|Any CPU
		{3A3EBCAB-97D5-49D5-8592-E754B1379384}.Release|Any CPU.Build.0 = Release|Any CPU
		{9FCEFA45-842D-4C59-A1FD-35FD5E1BC55F}.Debug|Any CPU.ActiveCfg = Debug|Any CPU
		{9FCEFA45-842D-4C59-A1FD-35FD5E1BC55F}.Debug|Any CPU.Build.0 = Debug|Any CPU
		{9FCEFA45-842D-4C59-A1FD-35FD5E1BC55F}.Release|Any CPU.ActiveCfg = Release|Any CPU
		{9FCEFA45-842D-4C59-A1FD-35FD5E1BC55F}.Release|Any CPU.Build.0 = Release|Any CPU
		{5A4A94C5-FC1D-4301-A83F-810D1961F4BA}.Debug|Any CPU.ActiveCfg = Debug|Any CPU
		{5A4A94C5-FC1D-4301-A83F-810D1961F4BA}.Debug|Any CPU.Build.0 = Debug|Any CPU
		{5A4A94C5-FC1D-4301-A83F-810D1961F4BA}.Release|Any CPU.ActiveCfg = Release|Any CPU
		{5A4A94C5-FC1D-4301-A83F-810D1961F4BA}.Release|Any CPU.Build.0 = Release|Any CPU
	EndGlobalSection
	GlobalSection(SolutionProperties) = preSolution
		HideSolutionNode = FALSE
	EndGlobalSection
EndGlobal
